
Microsoft Visual Studio Solution File, Format Version 12.00
# Visual Studio 15
VisualStudioVersion = 15.0.28307.168
MinimumVisualStudioVersion = 10.0.40219.1
Project("{FAE04EC0-301F-11D3-BF4B-00C04F79EFBC}") = "geoformat-backend", "geoformat-backend\geoformat-backend.csproj", "{6FC970DC-0790-4443-9CD0-4DDCB5AE55BC}"
EndProject
Global
	GlobalSection(SolutionConfigurationPlatforms) = preSolution
		Debug|Any CPU = Debug|Any CPU
		Release|Any CPU = Release|Any CPU
	EndGlobalSection
	GlobalSection(ProjectConfigurationPlatforms) = postSolution
		{6FC970DC-0790-4443-9CD0-4DDCB5AE55BC}.Debug|Any CPU.ActiveCfg = Debug|Any CPU
		{6FC970DC-0790-4443-9CD0-4DDCB5AE55BC}.Debug|Any CPU.Build.0 = Debug|Any CPU
		{6FC970DC-0790-4443-9CD0-4DDCB5AE55BC}.Release|Any CPU.ActiveCfg = Release|Any CPU
		{6FC970DC-0790-4443-9CD0-4DDCB5AE55BC}.Release|Any CPU.Build.0 = Release|Any CPU
	EndGlobalSection
	GlobalSection(SolutionProperties) = preSolution
		HideSolutionNode = FALSE
	EndGlobalSection
	GlobalSection(ExtensibilityGlobals) = postSolution
		SolutionGuid = {3A1EA09E-0F76-439F-92C4-3B9DB6CE8C26}
	EndGlobalSection
EndGlobal
